
Microsoft Visual Studio Solution File, Format Version 12.00
# Visual Studio Version 17
VisualStudioVersion = 17.3.32505.426
MinimumVisualStudioVersion = 10.0.40219.1
Project("{9A19103F-16F7-4668-BE54-9A1E7A4F7556}") = "AquaCulture.Gateway", "AquaCulture.Gateway\AquaCulture.Gateway.csproj", "{98D0E1A8-FB1D-4210-84AD-8F1989DF581B}"
EndProject
Project("{FAE04EC0-301F-11D3-BF4B-00C04F79EFBC}") = "AquaCulture.Device", "AquaCulture.Device\AquaCulture.Device.csproj", "{8AA1B3AA-97C7-4581-B65C-79AEF10BF390}"
EndProject
Project("{FAE04EC0-301F-11D3-BF4B-00C04F79EFBC}") = "AquaCulture.DeviceSerial", "AquaCulture.DeviceSerial\AquaCulture.DeviceSerial.csproj", "{491CD368-7560-494D-91DE-E7DBCE03AB6E}"
EndProject
Project("{2150E333-8FDC-42A3-9474-1A3956D46DE8}") = "Device", "Device", "{687BB247-3998-4788-A18D-80E005A7D093}"
EndProject
Project("{2150E333-8FDC-42A3-9474-1A3956D46DE8}") = "Edge", "Edge", "{3A18EF48-F923-4B10-8FC2-84993B3FE6C2}"
EndProject
Project("{2150E333-8FDC-42A3-9474-1A3956D46DE8}") = "Stream", "Stream", "{FD0C5A81-2EAB-4638-828F-5FD28EF8C6E7}"
EndProject
Project("{2150E333-8FDC-42A3-9474-1A3956D46DE8}") = "App", "App", "{0E6356C1-2A14-4F0F-A63F-648BDDF0A524}"
EndProject
Project("{2150E333-8FDC-42A3-9474-1A3956D46DE8}") = "Web", "Web", "{AA41A654-DFBE-4B74-A5C7-A5C7BC647BE0}"
EndProject
Project("{2150E333-8FDC-42A3-9474-1A3956D46DE8}") = "Shared", "Shared", "{995E5798-E581-4B87-99E0-5C07961C3CC1}"
EndProject
Project("{FAE04EC0-301F-11D3-BF4B-00C04F79EFBC}") = "AquaCulture.Models", "AquaCulture.Models\AquaCulture.Models.csproj", "{2184FAEF-08EF-4A73-A9FD-4BFD166A7458}"
EndProject
Project("{FAE04EC0-301F-11D3-BF4B-00C04F79EFBC}") = "AquaCulture.Tools", "AquaCulture.Tools\AquaCulture.Tools.csproj", "{B8009EE5-D801-4D7C-960B-4C2C8CB033F8}"
EndProject
Project("{FAE04EC0-301F-11D3-BF4B-00C04F79EFBC}") = "AquaCulture.Web", "AquaCulture.Web\AquaCulture.Web.csproj", "{812FAF6A-1CCE-411E-992A-374964C292B0}"
EndProject
Project("{FAE04EC0-301F-11D3-BF4B-00C04F79EFBC}") = "AquaCulture.StreamGrain", "AquaCulture.StreamGrain\AquaCulture.StreamGrain.csproj", "{280C4E3F-D902-40A0-BDC4-FAA595373EB6}"
EndProject
Project("{FAE04EC0-301F-11D3-BF4B-00C04F79EFBC}") = "AquaCulture.Silo", "AquaCulture.Silo\AquaCulture.Silo.csproj", "{B28883C1-FBB8-403A-8E76-E58B56AAA3F2}"
EndProject
Project("{FAE04EC0-301F-11D3-BF4B-00C04F79EFBC}") = "AquaCulture.StreamHub", "AquaCulture.StreamHub\AquaCulture.StreamHub.csproj", "{932BC2BC-1C03-4EA8-B2D4-7A338C45DD0B}"
EndProject
Global
	GlobalSection(SolutionConfigurationPlatforms) = preSolution
		Debug|Any CPU = Debug|Any CPU
		Release|Any CPU = Release|Any CPU
	EndGlobalSection
	GlobalSection(ProjectConfigurationPlatforms) = postSolution
		{98D0E1A8-FB1D-4210-84AD-8F1989DF581B}.Debug|Any CPU.ActiveCfg = Debug|Any CPU
		{98D0E1A8-FB1D-4210-84AD-8F1989DF581B}.Debug|Any CPU.Build.0 = Debug|Any CPU
		{98D0E1A8-FB1D-4210-84AD-8F1989DF581B}.Release|Any CPU.ActiveCfg = Release|Any CPU
		{98D0E1A8-FB1D-4210-84AD-8F1989DF581B}.Release|Any CPU.Build.0 = Release|Any CPU
		{8AA1B3AA-97C7-4581-B65C-79AEF10BF390}.Debug|Any CPU.ActiveCfg = Debug|Any CPU
		{8AA1B3AA-97C7-4581-B65C-79AEF10BF390}.Debug|Any CPU.Build.0 = Debug|Any CPU
		{8AA1B3AA-97C7-4581-B65C-79AEF10BF390}.Debug|Any CPU.Deploy.0 = Debug|Any CPU
		{8AA1B3AA-97C7-4581-B65C-79AEF10BF390}.Release|Any CPU.ActiveCfg = Release|Any CPU
		{8AA1B3AA-97C7-4581-B65C-79AEF10BF390}.Release|Any CPU.Build.0 = Release|Any CPU
		{8AA1B3AA-97C7-4581-B65C-79AEF10BF390}.Release|Any CPU.Deploy.0 = Release|Any CPU
		{491CD368-7560-494D-91DE-E7DBCE03AB6E}.Debug|Any CPU.ActiveCfg = Debug|Any CPU
		{491CD368-7560-494D-91DE-E7DBCE03AB6E}.Debug|Any CPU.Build.0 = Debug|Any CPU
		{491CD368-7560-494D-91DE-E7DBCE03AB6E}.Debug|Any CPU.Deploy.0 = Debug|Any CPU
		{491CD368-7560-494D-91DE-E7DBCE03AB6E}.Release|Any CPU.ActiveCfg = Release|Any CPU
		{491CD368-7560-494D-91DE-E7DBCE03AB6E}.Release|Any CPU.Build.0 = Release|Any CPU
		{491CD368-7560-494D-91DE-E7DBCE03AB6E}.Release|Any CPU.Deploy.0 = Release|Any CPU
		{2184FAEF-08EF-4A73-A9FD-4BFD166A7458}.Debug|Any CPU.ActiveCfg = Debug|Any CPU
		{2184FAEF-08EF-4A73-A9FD-4BFD166A7458}.Debug|Any CPU.Build.0 = Debug|Any CPU
		{2184FAEF-08EF-4A73-A9FD-4BFD166A7458}.Release|Any CPU.ActiveCfg = Release|Any CPU
		{2184FAEF-08EF-4A73-A9FD-4BFD166A7458}.Release|Any CPU.Build.0 = Release|Any CPU
		{B8009EE5-D801-4D7C-960B-4C2C8CB033F8}.Debug|Any CPU.ActiveCfg = Debug|Any CPU
		{B8009EE5-D801-4D7C-960B-4C2C8CB033F8}.Debug|Any CPU.Build.0 = Debug|Any CPU
		{B8009EE5-D801-4D7C-960B-4C2C8CB033F8}.Release|Any CPU.ActiveCfg = Release|Any CPU
		{B8009EE5-D801-4D7C-960B-4C2C8CB033F8}.Release|Any CPU.Build.0 = Release|Any CPU
		{812FAF6A-1CCE-411E-992A-374964C292B0}.Debug|Any CPU.ActiveCfg = Debug|Any CPU
		{812FAF6A-1CCE-411E-992A-374964C292B0}.Debug|Any CPU.Build.0 = Debug|Any CPU
		{812FAF6A-1CCE-411E-992A-374964C292B0}.Release|Any CPU.ActiveCfg = Release|Any CPU
		{812FAF6A-1CCE-411E-992A-374964C292B0}.Release|Any CPU.Build.0 = Release|Any CPU
		{280C4E3F-D902-40A0-BDC4-FAA595373EB6}.Debug|Any CPU.ActiveCfg = Debug|Any CPU
		{280C4E3F-D902-40A0-BDC4-FAA595373EB6}.Debug|Any CPU.Build.0 = Debug|Any CPU
		{280C4E3F-D902-40A0-BDC4-FAA595373EB6}.Release|Any CPU.ActiveCfg = Release|Any CPU
		{280C4E3F-D902-40A0-BDC4-FAA595373EB6}.Release|Any CPU.Build.0 = Release|Any CPU
		{B28883C1-FBB8-403A-8E76-E58B56AAA3F2}.Debug|Any CPU.ActiveCfg = Debug|Any CPU
		{B28883C1-FBB8-403A-8E76-E58B56AAA3F2}.Debug|Any CPU.Build.0 = Debug|Any CPU
		{B28883C1-FBB8-403A-8E76-E58B56AAA3F2}.Release|Any CPU.ActiveCfg = Release|Any CPU
		{B28883C1-FBB8-403A-8E76-E58B56AAA3F2}.Release|Any CPU.Build.0 = Release|Any CPU
		{932BC2BC-1C03-4EA8-B2D4-7A338C45DD0B}.Debug|Any CPU.ActiveCfg = Debug|Any CPU
		{932BC2BC-1C03-4EA8-B2D4-7A338C45DD0B}.Debug|Any CPU.Build.0 = Debug|Any CPU
		{932BC2BC-1C03-4EA8-B2D4-7A338C45DD0B}.Release|Any CPU.ActiveCfg = Release|Any CPU
		{932BC2BC-1C03-4EA8-B2D4-7A338C45DD0B}.Release|Any CPU.Build.0 = Release|Any CPU
	EndGlobalSection
	GlobalSection(SolutionProperties) = preSolution
		HideSolutionNode = FALSE
	EndGlobalSection
	GlobalSection(NestedProjects) = preSolution
		{98D0E1A8-FB1D-4210-84AD-8F1989DF581B} = {3A18EF48-F923-4B10-8FC2-84993B3FE6C2}
		{8AA1B3AA-97C7-4581-B65C-79AEF10BF390} = {687BB247-3998-4788-A18D-80E005A7D093}
		{491CD368-7560-494D-91DE-E7DBCE03AB6E} = {687BB247-3998-4788-A18D-80E005A7D093}
		{2184FAEF-08EF-4A73-A9FD-4BFD166A7458} = {995E5798-E581-4B87-99E0-5C07961C3CC1}
		{B8009EE5-D801-4D7C-960B-4C2C8CB033F8} = {995E5798-E581-4B87-99E0-5C07961C3CC1}
		{812FAF6A-1CCE-411E-992A-374964C292B0} = {AA41A654-DFBE-4B74-A5C7-A5C7BC647BE0}
		{280C4E3F-D902-40A0-BDC4-FAA595373EB6} = {FD0C5A81-2EAB-4638-828F-5FD28EF8C6E7}
		{B28883C1-FBB8-403A-8E76-E58B56AAA3F2} = {FD0C5A81-2EAB-4638-828F-5FD28EF8C6E7}
		{932BC2BC-1C03-4EA8-B2D4-7A338C45DD0B} = {FD0C5A81-2EAB-4638-828F-5FD28EF8C6E7}
	EndGlobalSection
	GlobalSection(ExtensibilityGlobals) = postSolution
		SolutionGuid = {A25D71CE-E54D-4A8B-974A-330FBCD9090F}
	EndGlobalSection
EndGlobal
